
Microsoft Visual Studio Solution File, Format Version 12.00
# Visual Studio Version 17
VisualStudioVersion = 17.1.32228.430
MinimumVisualStudioVersion = 10.0.40219.1
Project("{FAE04EC0-301F-11D3-BF4B-00C04F79EFBC}") = "Power2022", "Power2022.csproj", "{FA954A04-2B83-4394-9640-B76F06FB54F3}"
EndProject
Global
	GlobalSection(SolutionConfigurationPlatforms) = preSolution
		Debug|Any CPU = Debug|Any CPU
		Release|Any CPU = Release|Any CPU
	EndGlobalSection
	GlobalSection(ProjectConfigurationPlatforms) = postSolution
		{FA954A04-2B83-4394-9640-B76F06FB54F3}.Debug|Any CPU.ActiveCfg = Debug|Any CPU
		{FA954A04-2B83-4394-9640-B76F06FB54F3}.Debug|Any CPU.Build.0 = Debug|Any CPU
		{FA954A04-2B83-4394-9640-B76F06FB54F3}.Release|Any CPU.ActiveCfg = Release|Any CPU
		{FA954A04-2B83-4394-9640-B76F06FB54F3}.Release|Any CPU.Build.0 = Release|Any CPU
	EndGlobalSection
	GlobalSection(SolutionProperties) = preSolution
		HideSolutionNode = FALSE
	EndGlobalSection
	GlobalSection(ExtensibilityGlobals) = postSolution
		SolutionGuid = {61E1E22A-05EE-4A06-AAE4-EA2BEE31C5DC}
	EndGlobalSection
EndGlobal
